# This file is generated by running "yarn install" inside your project.
# Manual changes might be lost - proceed with caution!

__metadata:
  version: 6
  cacheKey: 8

"@adraffy/ens-normalize@npm:1.10.1":
  version: 1.10.1
  resolution: "@adraffy/ens-normalize@npm:1.10.1"
  checksum: 0836f394ea256972ec19a0b5e78cb7f5bcdfd48d8a32c7478afc94dd53ae44c04d1aa2303d7f3077b4f3ac2323b1f557ab9188e8059978748fdcd83e04a80dcc
  languageName: node
  linkType: hard

"@noble/curves@npm:1.2.0":
  version: 1.2.0
  resolution: "@noble/curves@npm:1.2.0"
  dependencies:
    "@noble/hashes": 1.3.2
  checksum: bb798d7a66d8e43789e93bc3c2ddff91a1e19fdb79a99b86cd98f1e5eff0ee2024a2672902c2576ef3577b6f282f3b5c778bebd55761ddbb30e36bf275e83dd0
  languageName: node
  linkType: hard

"@noble/hashes@npm:1.3.2":
  version: 1.3.2
  resolution: "@noble/hashes@npm:1.3.2"
  checksum: fe23536b436539d13f90e4b9be843cc63b1b17666a07634a2b1259dded6f490be3d050249e6af98076ea8f2ea0d56f578773c2197f2aa0eeaa5fba5bc18ba474
  languageName: node
  linkType: hard

"@peculiar/asn1-schema@npm:^2.3.8":
  version: 2.3.13
  resolution: "@peculiar/asn1-schema@npm:2.3.13"
  dependencies:
    asn1js: ^3.0.5
    pvtsutils: ^1.3.5
    tslib: ^2.6.2
  checksum: 245cf398992788fc61c48a4e1263a47803bccd91807e7a419e3fe9ad44ede5e396a5f8d13215b0765774855b634fe10d730b08944e5dc085fc5ee121a7e0139e
  languageName: node
  linkType: hard

"@peculiar/json-schema@npm:^1.1.12":
  version: 1.1.12
  resolution: "@peculiar/json-schema@npm:1.1.12"
  dependencies:
    tslib: ^2.0.0
  checksum: b26ececdc23c5ef25837f8be8d1eb5e1c8bb6e9ae7227ac59ffea57fff56bd05137734e7685e9100595d3d88d906dff638ef8d1df54264c388d3eac1b05aa060
  languageName: node
  linkType: hard

"@peculiar/webcrypto@npm:^1.1.1":
  version: 1.5.0
  resolution: "@peculiar/webcrypto@npm:1.5.0"
  dependencies:
    "@peculiar/asn1-schema": ^2.3.8
    "@peculiar/json-schema": ^1.1.12
    pvtsutils: ^1.3.5
    tslib: ^2.6.2
    webcrypto-core: ^1.8.0
  checksum: 9022d7452d564a5a26fbacf477842be34736f2d9139f2f5026adc47fdeda7033193d727491503f2a829d35ab819bbfa61c82a785c49c999eac535ecd69a3a459
  languageName: node
  linkType: hard

"@types/node@npm:18.15.13":
  version: 18.15.13
  resolution: "@types/node@npm:18.15.13"
  checksum: 79cc5a2b5f98e8973061a4260a781425efd39161a0e117a69cd089603964816c1a14025e1387b4590c8e82d05133b7b4154fa53a7dffb3877890a66145e76515
  languageName: node
  linkType: hard

"aes-js@npm:4.0.0-beta.5":
  version: 4.0.0-beta.5
  resolution: "aes-js@npm:4.0.0-beta.5"
  checksum: cc2ea969d77df939c32057f7e361b6530aa6cb93cb10617a17a45cd164e6d761002f031ff6330af3e67e58b1f0a3a8fd0b63a720afd591a653b02f649470e15b
  languageName: node
  linkType: hard

"asn1js@npm:^3.0.1, asn1js@npm:^3.0.5":
  version: 3.0.5
  resolution: "asn1js@npm:3.0.5"
  dependencies:
    pvtsutils: ^1.3.2
    pvutils: ^1.1.3
    tslib: ^2.4.0
  checksum: 3b6af1bbadd5762ef8ead5daf2f6bda1bc9e23bc825c4dcc996aa1f9521ad7390a64028565d95d98090d69c8431f004c71cccb866004759169d7c203cf9075eb
  languageName: node
  linkType: hard

"ethers@npm:^6.0.0":
  version: 6.13.2
  resolution: "ethers@npm:6.13.2"
  dependencies:
    "@adraffy/ens-normalize": 1.10.1
    "@noble/curves": 1.2.0
    "@noble/hashes": 1.3.2
    "@types/node": 18.15.13
    aes-js: 4.0.0-beta.5
    tslib: 2.4.0
    ws: 8.17.1
  checksum: 981860c736c7ae121774ad38ea07e3611ce524a77d2fcb77db499b65afe0cbe8f344cd5204d94b68b316349ff770fd2a7d9c8b2039da41c072f98d9864099925
  languageName: node
  linkType: hard

"gun-eth@workspace:.":
  version: 0.0.0-use.local
  resolution: "gun-eth@workspace:."
  dependencies:
    ethers: ^6.0.0
    gun: ^0.2020.1239
  languageName: unknown
  linkType: soft

"gun@npm:^0.2020.1239":
  version: 0.2020.1240
  resolution: "gun@npm:0.2020.1240"
  dependencies:
    "@peculiar/webcrypto": ^1.1.1
    ws: ^7.2.1
  dependenciesMeta:
    "@peculiar/webcrypto":
      optional: true
  checksum: 0effb70596670a9da88858f5be5137ad7e551f51dd5879008eb2960cfd0e930d36a1f3694685d7ede2a0d4752e64ce311966b2e57527753080592cfdc48bc1fd
  languageName: node
  linkType: hard

"pvtsutils@npm:^1.3.2, pvtsutils@npm:^1.3.5":
  version: 1.3.5
  resolution: "pvtsutils@npm:1.3.5"
  dependencies:
    tslib: ^2.6.1
  checksum: e734516b3cb26086c18bd9c012fefe818928a5073178842ab7e62885a090f1dd7bda9c7bb8cd317167502cb8ec86c0b1b0ccd71dac7ab469382a4518157b0d12
  languageName: node
  linkType: hard

"pvutils@npm:^1.1.3":
  version: 1.1.3
  resolution: "pvutils@npm:1.1.3"
  checksum: 2ee26a9e5176c348977d6ec00d8ee80bff62f51743b1c5fe8abeeb4c5d29d9959cdfe0ce146707a9e6801bce88190fed3002d720b072dc87d031c692820b44c9
  languageName: node
  linkType: hard

"tslib@npm:2.4.0":
  version: 2.4.0
  resolution: "tslib@npm:2.4.0"
  checksum: 8c4aa6a3c5a754bf76aefc38026134180c053b7bd2f81338cb5e5ebf96fefa0f417bff221592bf801077f5bf990562f6264fecbc42cd3309b33872cb6fc3b113
  languageName: node
  linkType: hard

"tslib@npm:^2.0.0, tslib@npm:^2.4.0, tslib@npm:^2.6.1, tslib@npm:^2.6.2":
  version: 2.7.0
  resolution: "tslib@npm:2.7.0"
  checksum: 1606d5c89f88d466889def78653f3aab0f88692e80bb2066d090ca6112ae250ec1cfa9dbfaab0d17b60da15a4186e8ec4d893801c67896b277c17374e36e1d28
  languageName: node
  linkType: hard

"webcrypto-core@npm:^1.8.0":
  version: 1.8.0
  resolution: "webcrypto-core@npm:1.8.0"
  dependencies:
    "@peculiar/asn1-schema": ^2.3.8
    "@peculiar/json-schema": ^1.1.12
    asn1js: ^3.0.1
    pvtsutils: ^1.3.5
    tslib: ^2.6.2
  checksum: 4f128f5283b258eda34844ee804b7d4f102b151a7cb3ae5e722309ea7d37db704184c726afb67bf53cc9eb41279379b24626270b6f4ff08ec5be6b420ff70f18
  languageName: node
  linkType: hard

"ws@npm:8.17.1":
  version: 8.17.1
  resolution: "ws@npm:8.17.1"
  peerDependencies:
    bufferutil: ^4.0.1
    utf-8-validate: ">=5.0.2"
  peerDependenciesMeta:
    bufferutil:
      optional: true
    utf-8-validate:
      optional: true
  checksum: 442badcce1f1178ec87a0b5372ae2e9771e07c4929a3180321901f226127f252441e8689d765aa5cfba5f50ac60dd830954afc5aeae81609aefa11d3ddf5cecf
  languageName: node
  linkType: hard

"ws@npm:^7.2.1":
  version: 7.5.10
  resolution: "ws@npm:7.5.10"
  peerDependencies:
    bufferutil: ^4.0.1
    utf-8-validate: ^5.0.2
  peerDependenciesMeta:
    bufferutil:
      optional: true
    utf-8-validate:
      optional: true
  checksum: f9bb062abf54cc8f02d94ca86dcd349c3945d63851f5d07a3a61c2fcb755b15a88e943a63cf580cbdb5b74436d67ef6b67f745b8f7c0814e411379138e1863cb
  languageName: node
  linkType: hard
